
Microsoft Visual Studio Solution File, Format Version 12.00
# Visual Studio 2012
Project("{FAE04EC0-301F-11D3-BF4B-00C04F79EFBC}") = "DynamoMeshBar", "DynamoMeshBar.csproj", "{347D27EE-B165-480C-989A-45B0D27F8BAE}"
EndProject
Global
	GlobalSection(SolutionConfigurationPlatforms) = preSolution
		Debug|Any CPU = Debug|Any CPU
		Release|Any CPU = Release|Any CPU
	EndGlobalSection
	GlobalSection(ProjectConfigurationPlatforms) = postSolution
		{347D27EE-B165-480C-989A-45B0D27F8BAE}.Debug|Any CPU.ActiveCfg = Debug|Any CPU
		{347D27EE-B165-480C-989A-45B0D27F8BAE}.Debug|Any CPU.Build.0 = Debug|Any CPU
		{347D27EE-B165-480C-989A-45B0D27F8BAE}.Release|Any CPU.ActiveCfg = Release|Any CPU
		{347D27EE-B165-480C-989A-45B0D27F8BAE}.Release|Any CPU.Build.0 = Release|Any CPU
	EndGlobalSection
	GlobalSection(SolutionProperties) = preSolution
		HideSolutionNode = FALSE
	EndGlobalSection
EndGlobal
